name: verify-npm11-lock

on:
  push:
    branches:
      - review/hardening-openai-transcript

permissions:
  contents: write

jobs:
  lock:
    if: ${{ !contains(github.event.head_commit.message, '[npm11-lock]') }}
    runs-on: ubuntu-latest
    steps:
      - uses: actions/checkout@v4
        with:
          ref: review/hardening-openai-transcript
          fetch-depth: 0

      - name: Regenerate and verify with npm 11.21.0
        run: |
          docker run --rm \
            -v "$PWD:/app" \
            -w /app \
            node:22-bookworm-slim \
            sh -lc 'set -eux; npm install -g npm@11.21.0 --no-audit --no-fund; echo "node=$(node --version) npm=$(npm --version)"; rm -rf node_modules package-lock.json; npm install --include=optional --ignore-scripts --no-audit --no-fund; rm -rf node_modules; npm ci --include=optional --ignore-scripts --no-audit --no-fund'

      - name: Commit verified npm 11 lockfile
        run: |
          git config user.name "github-actions[bot]"
          git config user.email "41898282+github-actions[bot]@users.noreply.github.com"
          git add package-lock.json
          git commit -m "build: regenerate verified npm 11 lock [npm11-lock]"
          git push origin HEAD:review/hardening-openai-transcript
